{
    "version": 3,
    "terraform_version": "0.11.3",
    "serial": 4,
    "lineage": "94c07873-fcce-4edb-ab57-002fc5391e78",
    "modules": [
        {
            "path": [
                "root"
            ],
            "outputs": {},
            "resources": {
                "digitalocean_droplet.web": {
                    "type": "digitalocean_droplet",
                    "depends_on": [],
                    "primary": {
                        "id": "108381439",
                        "attributes": {
                            "disk": "25",
                            "id": "108381439",
                            "image": "ubuntu-16-04-x64",
                            "ipv4_address": "139.59.12.247",
                            "locked": "false",
                            "name": "web",
                            "price_hourly": "0.00744",
                            "price_monthly": "5",
                            "region": "blr1",
                            "resize_disk": "true",
                            "size": "s-1vcpu-1gb",
                            "status": "active",
                            "tags.#": "0",
                            "vcpus": "1"
                        },
                        "meta": {},
                        "tainted": false
                    },
                    "deposed": [],
                    "provider": "provider.digitalocean"
                }
            },
            "depends_on": []
        }
    ]
}
